
Microsoft Visual Studio Solution File, Format Version 12.00
# Visual Studio Version 17
VisualStudioVersion = 17.4.33205.214
MinimumVisualStudioVersion = 10.0.40219.1
Project("{FAE04EC0-301F-11D3-BF4B-00C04F79EFBC}") = "AbbyWeb", "AbbyWeb\AbbyWeb.csproj", "{1A31D8A4-7D96-4410-9393-16E2F3F83961}"
EndProject
Global
	GlobalSection(SolutionConfigurationPlatforms) = preSolution
		Debug|Any CPU = Debug|Any CPU
		Release|Any CPU = Release|Any CPU
	EndGlobalSection
	GlobalSection(ProjectConfigurationPlatforms) = postSolution
		{1A31D8A4-7D96-4410-9393-16E2F3F83961}.Debug|Any CPU.ActiveCfg = Debug|Any CPU
		{1A31D8A4-7D96-4410-9393-16E2F3F83961}.Debug|Any CPU.Build.0 = Debug|Any CPU
		{1A31D8A4-7D96-4410-9393-16E2F3F83961}.Release|Any CPU.ActiveCfg = Release|Any CPU
		{1A31D8A4-7D96-4410-9393-16E2F3F83961}.Release|Any CPU.Build.0 = Release|Any CPU
	EndGlobalSection
	GlobalSection(SolutionProperties) = preSolution
		HideSolutionNode = FALSE
	EndGlobalSection
	GlobalSection(ExtensibilityGlobals) = postSolution
		SolutionGuid = {C342BDB2-70E5-497A-9119-B2299BD0AD80}
	EndGlobalSection
EndGlobal
